# THIS IS AN AUTOGENERATED FILE. DO NOT EDIT THIS FILE DIRECTLY.
# yarn lockfile v1


"@cspotcode/source-map-support@^0.8.0":
  version "0.8.1"
  resolved "https://registry.yarnpkg.com/@cspotcode/source-map-support/-/source-map-support-0.8.1.tgz#00629c35a688e05a88b1cda684fb9d5e73f000a1"
  integrity sha512-IchNf6dN4tHoMFIn/7OE8LWZ19Y6q/67Bmf6vnGREv8RSbBVb9LPJxEcnwrcwX6ixSvaiGoomAUvu4YSxXrVgw==
  dependencies:
    "@jridgewell/trace-mapping" "0.3.9"

"@jridgewell/resolve-uri@^3.0.3":
  version "3.1.2"
  resolved "https://registry.yarnpkg.com/@jridgewell/resolve-uri/-/resolve-uri-3.1.2.tgz#7a0ee601f60f99a20c7c7c5ff0c80388c1189bd6"
  integrity sha512-bRISgCIjP20/tbWSPWMEi54QVPRZExkuD9lJL+UIxUKtwVJA8wW1Trb1jMs1RFXo1CBTNZ/5hpC9QvmKWdopKw==

"@jridgewell/sourcemap-codec@^1.4.10":
  version "1.4.15"
  resolved "https://registry.yarnpkg.com/@jridgewell/sourcemap-codec/-/sourcemap-codec-1.4.15.tgz#d7c6e6755c78567a951e04ab52ef0fd26de59f32"
  integrity sha512-eF2rxCRulEKXHTRiDrDy6erMYWqNw4LPdQ8UQA4huuxaQsVeRPFl2oM8oDGxMFhJUWZf9McpLtJasDDZb/Bpeg==

"@jridgewell/trace-mapping@0.3.9":
  version "0.3.9"
  resolved "https://registry.yarnpkg.com/@jridgewell/trace-mapping/-/trace-mapping-0.3.9.tgz#6534fd5933a53ba7cbf3a17615e273a0d1273ff9"
  integrity sha512-3Belt6tdc8bPgAtbcmdtNJlirVoTmEb5e2gC94PnkwEW9jI6CAHUeoG85tjWP5WquqfavoMtMwiG4P926ZKKuQ==
  dependencies:
    "@jridgewell/resolve-uri" "^3.0.3"
    "@jridgewell/sourcemap-codec" "^1.4.10"

"@swc/core-darwin-arm64@1.6.6":
  version "1.6.6"
  resolved "https://registry.yarnpkg.com/@swc/core-darwin-arm64/-/core-darwin-arm64-1.6.6.tgz#9488d50394cb08713c4321a940b48599c1c5e153"
  integrity sha512-5DA8NUGECcbcK1YLKJwNDKqdtTYDVnkfDU1WvQSXq/rU+bjYCLtn5gCe8/yzL7ISXA6rwqPU1RDejhbNt4ARLQ==

"@swc/core-darwin-x64@1.6.6":
  version "1.6.6"
  resolved "https://registry.yarnpkg.com/@swc/core-darwin-x64/-/core-darwin-x64-1.6.6.tgz#0b13ae43e1821fd447acfb789979c59bec2d0081"
  integrity sha512-2nbh/RHpweNRsJiYDFk1KcX7UtaKgzzTNUjwtvK5cp0wWrpbXmPvdlWOx3yzwoiSASDFx78242JHHXCIOlEdsw==

"@swc/core-linux-arm-gnueabihf@1.6.6":
  version "1.6.6"
  resolved "https://registry.yarnpkg.com/@swc/core-linux-arm-gnueabihf/-/core-linux-arm-gnueabihf-1.6.6.tgz#8dd3e76b887478cedd38d34f1de3c0b8f853d1b8"
  integrity sha512-YgytuyUfR7b0z0SRHKV+ylr83HmgnROgeT7xryEkth6JGpAEHooCspQ4RrWTU8+WKJ7aXiZlGXPgybQ4TiS+TA==

"@swc/core-linux-arm64-gnu@1.6.6":
  version "1.6.6"
  resolved "https://registry.yarnpkg.com/@swc/core-linux-arm64-gnu/-/core-linux-arm64-gnu-1.6.6.tgz#4d6369975d8a077f01cf9f6cee60402529ef67a6"
  integrity sha512-yGwx9fddzEE0iURqRVwKBQ4IwRHE6hNhl15WliHpi/PcYhzmYkUIpcbRXjr0dssubXAVPVnx6+jZVDSbutvnfg==

"@swc/core-linux-arm64-musl@1.6.6":
  version "1.6.6"
  resolved "https://registry.yarnpkg.com/@swc/core-linux-arm64-musl/-/core-linux-arm64-musl-1.6.6.tgz#5f0ec779e465242796277d07a3100bd5ccaec6ef"
  integrity sha512-a6fMbqzSAsS5KCxFJyg1mD5kwN3ZFO8qQLyJ75R/htZP/eCt05jrhmOI7h2n+1HjiG332jLnZ9S8lkVE5O8Nqw==

"@swc/core-linux-x64-gnu@1.6.6":
  version "1.6.6"
  resolved "https://registry.yarnpkg.com/@swc/core-linux-x64-gnu/-/core-linux-x64-gnu-1.6.6.tgz#30a92064e016f29b8fe85500fa4e71050c60ae74"
  integrity sha512-hRGsUKNzzZle28YF0dYIpN0bt9PceR9LaVBq7x8+l9TAaDLFbgksSxcnU/ubTtsy+WsYSYGn+A83w3xWC0O8CQ==

"@swc/core-linux-x64-musl@1.6.6":
  version "1.6.6"
  resolved "https://registry.yarnpkg.com/@swc/core-linux-x64-musl/-/core-linux-x64-musl-1.6.6.tgz#59a14e4a90644142b8c90972f5d29cfdde88de78"
  integrity sha512-NokIUtFxJDVv3LzGeEtYMTV3j2dnGKLac59luTeq36DQLZdJQawQIdTbzzWl2jE7lxxTZme+dhsVOH9LxE3ceg==

"@swc/core-win32-arm64-msvc@1.6.6":
  version "1.6.6"
  resolved "https://registry.yarnpkg.com/@swc/core-win32-arm64-msvc/-/core-win32-arm64-msvc-1.6.6.tgz#c81f6e9be1df76273100a422ceec887781244b5d"
  integrity sha512-lzYdI4qb4k1dFG26yv+9Jaq/bUMAhgs/2JsrLncGjLof86+uj74wKYCQnbzKAsq2hDtS5DqnHnl+//J+miZfGA==

"@swc/core-win32-ia32-msvc@1.6.6":
  version "1.6.6"
  resolved "https://registry.yarnpkg.com/@swc/core-win32-ia32-msvc/-/core-win32-ia32-msvc-1.6.6.tgz#0381e95282fdcf5f5f9731b56dad5c5e4da870ce"
  integrity sha512-bvl7FMaXIJQ76WZU0ER4+RyfKIMGb6S2MgRkBhJOOp0i7VFx4WLOnrmMzaeoPJaJSkityVKAftfNh7NBzTIydQ==

"@swc/core-win32-x64-msvc@1.6.6":
  version "1.6.6"
  resolved "https://registry.yarnpkg.com/@swc/core-win32-x64-msvc/-/core-win32-x64-msvc-1.6.6.tgz#e511013aa3f71125d6385123469cdd30db141070"
  integrity sha512-WAP0JoCTfgeYKgOeYJoJV4ZS0sQUmU3OwvXa2dYYtMLF7zsNqOiW4niU7QlThBHgUv/qNZm2p6ITEgh3w1cltw==

"@swc/core@^1.6.6":
  version "1.6.6"
  resolved "https://registry.yarnpkg.com/@swc/core/-/core-1.6.6.tgz#fefaa3a6bdd1c6991a9ed67648bc058a0d29d4b8"
  integrity sha512-sHfmIUPUXNrQTwFMVCY5V5Ena2GTOeaWjS2GFUpjLhAgVfP90OP67DWow7+cYrfFtqBdILHuWnjkTcd0+uPKlg==
  dependencies:
    "@swc/counter" "^0.1.3"
    "@swc/types" "^0.1.9"
  optionalDependencies:
    "@swc/core-darwin-arm64" "1.6.6"
    "@swc/core-darwin-x64" "1.6.6"
    "@swc/core-linux-arm-gnueabihf" "1.6.6"
    "@swc/core-linux-arm64-gnu" "1.6.6"
    "@swc/core-linux-arm64-musl" "1.6.6"
    "@swc/core-linux-x64-gnu" "1.6.6"
    "@swc/core-linux-x64-musl" "1.6.6"
    "@swc/core-win32-arm64-msvc" "1.6.6"
    "@swc/core-win32-ia32-msvc" "1.6.6"
    "@swc/core-win32-x64-msvc" "1.6.6"

"@swc/counter@^0.1.3":
  version "0.1.3"
  resolved "https://registry.yarnpkg.com/@swc/counter/-/counter-0.1.3.tgz#cc7463bd02949611c6329596fccd2b0ec782b0e9"
  integrity sha512-e2BR4lsJkkRlKZ/qCHPw9ZaSxc0MVUd7gtbtaB7aMvHeJVYe8sOB8DBZkP2DtISHGSku9sCK6T6cnY0CtXrOCQ==

"@swc/types@^0.1.9":
  version "0.1.9"
  resolved "https://registry.yarnpkg.com/@swc/types/-/types-0.1.9.tgz#e67cdcc2e4dd74a3cef4474b465eb398e7ae83e2"
  integrity sha512-qKnCno++jzcJ4lM4NTfYifm1EFSCeIfKiAHAfkENZAV5Kl9PjJIyd2yeeVv6c/2CckuLyv2NmRC5pv6pm2WQBg==
  dependencies:
    "@swc/counter" "^0.1.3"

"@tsconfig/node10@^1.0.7":
  version "1.0.11"
  resolved "https://registry.yarnpkg.com/@tsconfig/node10/-/node10-1.0.11.tgz#6ee46400685f130e278128c7b38b7e031ff5b2f2"
  integrity sha512-DcRjDCujK/kCk/cUe8Xz8ZSpm8mS3mNNpta+jGCA6USEDfktlNvm1+IuZ9eTcDbNk41BHwpHHeW+N1lKCz4zOw==

"@tsconfig/node12@^1.0.7":
  version "1.0.11"
  resolved "https://registry.yarnpkg.com/@tsconfig/node12/-/node12-1.0.11.tgz#ee3def1f27d9ed66dac6e46a295cffb0152e058d"
  integrity sha512-cqefuRsh12pWyGsIoBKJA9luFu3mRxCA+ORZvA4ktLSzIuCUtWVxGIuXigEwO5/ywWFMZ2QEGKWvkZG1zDMTag==

"@tsconfig/node14@^1.0.0":
  version "1.0.3"
  resolved "https://registry.yarnpkg.com/@tsconfig/node14/-/node14-1.0.3.tgz#e4386316284f00b98435bf40f72f75a09dabf6c1"
  integrity sha512-ysT8mhdixWK6Hw3i1V2AeRqZ5WfXg1G43mqoYlM2nc6388Fq5jcXyr5mRsqViLx/GJYdoL0bfXD8nmF+Zn/Iow==

"@tsconfig/node16@^1.0.2":
  version "1.0.4"
  resolved "https://registry.yarnpkg.com/@tsconfig/node16/-/node16-1.0.4.tgz#0b92dcc0cc1c81f6f306a381f28e31b1a56536e9"
  integrity sha512-vxhUy4J8lyeyinH7Azl1pdd43GJhZH/tP2weN8TntQblOY+A0XbT8DJk1/oCPuOOyg/Ja757rG0CgHcWC8OfMA==

"@types/node@^20.14.9":
  version "20.14.9"
  resolved "https://registry.yarnpkg.com/@types/node/-/node-20.14.9.tgz#12e8e765ab27f8c421a1820c99f5f313a933b420"
  integrity sha512-06OCtnTXtWOZBJlRApleWndH4JsRVs1pDCc8dLSQp+7PpUpX3ePdHyeNSFTeSe7FtKyQkrlPvHwJOW3SLd8Oyg==
  dependencies:
    undici-types "~5.26.4"

acorn-walk@^8.1.1:
  version "8.3.2"
  resolved "https://registry.yarnpkg.com/acorn-walk/-/acorn-walk-8.3.2.tgz#7703af9415f1b6db9315d6895503862e231d34aa"
  integrity sha512-cjkyv4OtNCIeqhHrfS81QWXoCBPExR/J62oyEqepVw8WaQeSqpW2uhuLPh1m9eWhDuOo/jUXVTlifvesOWp/4A==

acorn@^8.4.1:
  version "8.11.3"
  resolved "https://registry.yarnpkg.com/acorn/-/acorn-8.11.3.tgz#71e0b14e13a4ec160724b38fb7b0f233b1b81d7a"
  integrity sha512-Y9rRfJG5jcKOE0CLisYbojUjIrIEE7AGMzA/Sm4BslANhbS+cDMpgBdcPT91oJ7OuJ9hYJBx59RjbhxVnrF8Xg==

arg@^4.1.0:
  version "4.1.3"
  resolved "https://registry.yarnpkg.com/arg/-/arg-4.1.3.tgz#269fc7ad5b8e42cb63c896d5666017261c144089"
  integrity sha512-58S9QDqG0Xx27YwPSt9fJxivjYl432YCwfDMfZ+71RAqUrZef7LrKQZ3LHLOwCS4FLNBplP533Zx895SeOCHvA==

create-require@^1.1.0:
  version "1.1.1"
  resolved "https://registry.yarnpkg.com/create-require/-/create-require-1.1.1.tgz#c1d7e8f1e5f6cfc9ff65f9cd352d37348756c333"
  integrity sha512-dcKFX3jn0MpIaXjisoRvexIJVEKzaq7z2rZKxf+MSr9TkdmHmsU4m2lcLojrj/FHl8mk5VxMmYA+ftRkP/3oKQ==

diff@^4.0.1:
  version "4.0.2"
  resolved "https://registry.yarnpkg.com/diff/-/diff-4.0.2.tgz#60f3aecb89d5fae520c11aa19efc2bb982aade7d"
  integrity sha512-58lmxKSA4BNyLz+HHMUzlOEpg09FV+ev6ZMe3vJihgdxzgcwZ8VoEEPmALCZG9LmqfVoNMMKpttIYTVG6uDY7A==

make-error@^1.1.1:
  version "1.3.6"
  resolved "https://registry.yarnpkg.com/make-error/-/make-error-1.3.6.tgz#2eb2e37ea9b67c4891f684a1394799af484cf7a2"
  integrity sha512-s8UhlNe7vPKomQhC1qFelMokr/Sc3AgNbso3n74mVPA5LTZwkB9NlXf4XPamLxJE8h0gh73rM94xvwRT2CVInw==

ts-node@^10.9.2:
  version "10.9.2"
  resolved "https://registry.yarnpkg.com/ts-node/-/ts-node-10.9.2.tgz#70f021c9e185bccdca820e26dc413805c101c71f"
  integrity sha512-f0FFpIdcHgn8zcPSbf1dRevwt047YMnaiJM3u2w2RewrB+fob/zePZcrOyQoLMMO7aBIddLcQIEK5dYjkLnGrQ==
  dependencies:
    "@cspotcode/source-map-support" "^0.8.0"
    "@tsconfig/node10" "^1.0.7"
    "@tsconfig/node12" "^1.0.7"
    "@tsconfig/node14" "^1.0.0"
    "@tsconfig/node16" "^1.0.2"
    acorn "^8.4.1"
    acorn-walk "^8.1.1"
    arg "^4.1.0"
    create-require "^1.1.0"
    diff "^4.0.1"
    make-error "^1.1.1"
    v8-compile-cache-lib "^3.0.1"
    yn "3.1.1"

typescript@^5.5.2:
  version "5.5.2"
  resolved "https://registry.yarnpkg.com/typescript/-/typescript-5.5.2.tgz#c26f023cb0054e657ce04f72583ea2d85f8d0507"
  integrity sha512-NcRtPEOsPFFWjobJEtfihkLCZCXZt/os3zf8nTxjVH3RvTSxjrCamJpbExGvYOF+tFHc3pA65qpdwPbzjohhew==

undici-types@~5.26.4:
  version "5.26.5"
  resolved "https://registry.yarnpkg.com/undici-types/-/undici-types-5.26.5.tgz#bcd539893d00b56e964fd2657a4866b221a65617"
  integrity sha512-JlCMO+ehdEIKqlFxk6IfVoAUVmgz7cU7zD/h9XZ0qzeosSHmUJVOzSQvvYSYWXkFXC+IfLKSIffhv0sVZup6pA==

v8-compile-cache-lib@^3.0.1:
  version "3.0.1"
  resolved "https://registry.yarnpkg.com/v8-compile-cache-lib/-/v8-compile-cache-lib-3.0.1.tgz#6336e8d71965cb3d35a1bbb7868445a7c05264bf"
  integrity sha512-wa7YjyUGfNZngI/vtK0UHAN+lgDCxBPCylVXGp0zu59Fz5aiGtNXaq3DhIov063MorB+VfufLh3JlF2KdTK3xg==

yn@3.1.1:
  version "3.1.1"
  resolved "https://registry.yarnpkg.com/yn/-/yn-3.1.1.tgz#1e87401a09d767c1d5eab26a6e4c185182d2eb50"
  integrity sha512-Ux4ygGWsu2c7isFWe8Yu1YluJmqVhxqK2cLXNQA5AcC3QfbGNpM7fu0Y8b/z16pXLnFxZYvWhd3fhBY9DLmC6Q==
